
Microsoft Visual Studio Solution File, Format Version 12.00
# Visual Studio Version 16
VisualStudioVersion = 16.0.31402.337
MinimumVisualStudioVersion = 10.0.40219.1
Project("{FAE04EC0-301F-11D3-BF4B-00C04F79EFBC}") = "WebScrapingPOC", "WebScrapingPOC\WebScrapingPOC.csproj", "{2E916F74-A7F0-4A02-ADB3-78A8D9D0B0E7}"
EndProject
Global
	GlobalSection(SolutionConfigurationPlatforms) = preSolution
		Debug|Any CPU = Debug|Any CPU
		Release|Any CPU = Release|Any CPU
	EndGlobalSection
	GlobalSection(ProjectConfigurationPlatforms) = postSolution
		{2E916F74-A7F0-4A02-ADB3-78A8D9D0B0E7}.Debug|Any CPU.ActiveCfg = Debug|Any CPU
		{2E916F74-A7F0-4A02-ADB3-78A8D9D0B0E7}.Debug|Any CPU.Build.0 = Debug|Any CPU
		{2E916F74-A7F0-4A02-ADB3-78A8D9D0B0E7}.Release|Any CPU.ActiveCfg = Release|Any CPU
		{2E916F74-A7F0-4A02-ADB3-78A8D9D0B0E7}.Release|Any CPU.Build.0 = Release|Any CPU
	EndGlobalSection
	GlobalSection(SolutionProperties) = preSolution
		HideSolutionNode = FALSE
	EndGlobalSection
	GlobalSection(ExtensibilityGlobals) = postSolution
		SolutionGuid = {9F8263D8-5F19-4C44-8BE6-8793D6D76864}
	EndGlobalSection
EndGlobal
